
Microsoft Visual Studio Solution File, Format Version 12.00
# Visual Studio Version 17
VisualStudioVersion = 17.7.34031.279
MinimumVisualStudioVersion = 10.0.40219.1
Project("{FAE04EC0-301F-11D3-BF4B-00C04F79EFBC}") = "ITPAssignment1", "ITPAssignment1.csproj", "{943DBE2E-AF45-4538-92B8-9D76C566B5C2}"
EndProject
Global
	GlobalSection(SolutionConfigurationPlatforms) = preSolution
		Debug|Any CPU = Debug|Any CPU
		Release|Any CPU = Release|Any CPU
	EndGlobalSection
	GlobalSection(ProjectConfigurationPlatforms) = postSolution
		{943DBE2E-AF45-4538-92B8-9D76C566B5C2}.Debug|Any CPU.ActiveCfg = Debug|Any CPU
		{943DBE2E-AF45-4538-92B8-9D76C566B5C2}.Debug|Any CPU.Build.0 = Debug|Any CPU
		{943DBE2E-AF45-4538-92B8-9D76C566B5C2}.Release|Any CPU.ActiveCfg = Release|Any CPU
		{943DBE2E-AF45-4538-92B8-9D76C566B5C2}.Release|Any CPU.Build.0 = Release|Any CPU
	EndGlobalSection
	GlobalSection(SolutionProperties) = preSolution
		HideSolutionNode = FALSE
	EndGlobalSection
	GlobalSection(ExtensibilityGlobals) = postSolution
		SolutionGuid = {29961ACF-2512-463D-B808-2D307B424A6B}
	EndGlobalSection
EndGlobal
